
Microsoft Visual Studio Solution File, Format Version 12.00
# Visual Studio Version 17
VisualStudioVersion = 17.0.32112.339
MinimumVisualStudioVersion = 10.0.40219.1
Project("{FAE04EC0-301F-11D3-BF4B-00C04F79EFBC}") = "Yatzy", "Yatzy\Yatzy.csproj", "{F873E4F4-AACE-4BC0-AF89-89159E75653C}"
EndProject
Project("{FAE04EC0-301F-11D3-BF4B-00C04F79EFBC}") = "Yatzy.Test", "Yatzy.Test\Yatzy.Test.csproj", "{BCDD5F5D-CA7C-474C-B9DE-DB20D94BE61D}"
EndProject
Global
	GlobalSection(SolutionConfigurationPlatforms) = preSolution
		Debug|Any CPU = Debug|Any CPU
		Release|Any CPU = Release|Any CPU
	EndGlobalSection
	GlobalSection(ProjectConfigurationPlatforms) = postSolution
		{F873E4F4-AACE-4BC0-AF89-89159E75653C}.Debug|Any CPU.ActiveCfg = Debug|Any CPU
		{F873E4F4-AACE-4BC0-AF89-89159E75653C}.Debug|Any CPU.Build.0 = Debug|Any CPU
		{F873E4F4-AACE-4BC0-AF89-89159E75653C}.Release|Any CPU.ActiveCfg = Release|Any CPU
		{F873E4F4-AACE-4BC0-AF89-89159E75653C}.Release|Any CPU.Build.0 = Release|Any CPU
		{BCDD5F5D-CA7C-474C-B9DE-DB20D94BE61D}.Debug|Any CPU.ActiveCfg = Debug|Any CPU
		{BCDD5F5D-CA7C-474C-B9DE-DB20D94BE61D}.Debug|Any CPU.Build.0 = Debug|Any CPU
		{BCDD5F5D-CA7C-474C-B9DE-DB20D94BE61D}.Release|Any CPU.ActiveCfg = Release|Any CPU
		{BCDD5F5D-CA7C-474C-B9DE-DB20D94BE61D}.Release|Any CPU.Build.0 = Release|Any CPU
	EndGlobalSection
	GlobalSection(SolutionProperties) = preSolution
		HideSolutionNode = FALSE
	EndGlobalSection
	GlobalSection(ExtensibilityGlobals) = postSolution
		SolutionGuid = {FE4D3D8E-37E8-41E8-9D95-F93F34B6E8DB}
	EndGlobalSection
EndGlobal
